// !$*UTF8*$!
{
	archiveVersion = 1;
	classes = {
	};
	objectVersion = 50;
	objects = {

/* Begin PBXBuildFile section */
		041524ED21B7CBBB007E3276 /* SettingsViewController.swift in Sources */ = {isa = PBXBuildFile; fileRef = 041524EC21B7CBBB007E3276 /* SettingsViewController.swift */; };
		04BEC4CC21AE79ED0055F61E /* AppDelegate.swift in Sources */ = {isa = PBXBuildFile; fileRef = 04BEC4CB21AE79ED0055F61E /* AppDelegate.swift */; };
		04BEC4CE21AE79ED0055F61E /* TurtleViewController.swift in Sources */ = {isa = PBXBuildFile; fileRef = 04BEC4CD21AE79ED0055F61E /* TurtleViewController.swift */; };
		04BEC4D121AE79ED0055F61E /* Main.storyboard in Resources */ = {isa = PBXBuildFile; fileRef = 04BEC4CF21AE79ED0055F61E /* Main.storyboard */; };
		04BEC4D321AE79F00055F61E /* Assets.xcassets in Resources */ = {isa = PBXBuildFile; fileRef = 04BEC4D221AE79F00055F61E /* Assets.xcassets */; };
		04BEC4D621AE79F00055F61E /* LaunchScreen.storyboard in Resources */ = {isa = PBXBuildFile; fileRef = 04BEC4D421AE79F00055F61E /* LaunchScreen.storyboard */; };
		04BEC4E121AE79F00055F61E /* AniTurtleTests.swift in Sources */ = {isa = PBXBuildFile; fileRef = 04BEC4E021AE79F00055F61E /* AniTurtleTests.swift */; };
		04BEC4EC21AE79F00055F61E /* AniTurtleUITests.swift in Sources */ = {isa = PBXBuildFile; fileRef = 04BEC4EB21AE79F00055F61E /* AniTurtleUITests.swift */; };
/* End PBXBuildFile section */

/* Begin PBXContainerItemProxy section */
		04BEC4DD21AE79F00055F61E /* PBXContainerItemProxy */ = {
			isa = PBXContainerItemProxy;
			containerPortal = 04BEC4C021AE79ED0055F61E /* Project object */;
			proxyType = 1;
			remoteGlobalIDString = 04BEC4C721AE79ED0055F61E;
			remoteInfo = AniTurtle;
		};
		04BEC4E821AE79F00055F61E /* PBXContainerItemProxy */ = {
			isa = PBXContainerItemProxy;
			containerPortal = 04BEC4C021AE79ED0055F61E /* Project object */;
			proxyType = 1;
			remoteGlobalIDString = 04BEC4C721AE79ED0055F61E;
			remoteInfo = AniTurtle;
		};
/* End PBXContainerItemProxy section */

/* Begin PBXFileReference section */
		041524EC21B7CBBB007E3276 /* SettingsViewController.swift */ = {isa = PBXFileReference; fileEncoding = 4; lastKnownFileType = sourcecode.swift; path = SettingsViewController.swift; sourceTree = "<group>"; };
		04BEC4C821AE79ED0055F61E /* AniTurtle.app */ = {isa = PBXFileReference; explicitFileType = wrapper.application; includeInIndex = 0; path = AniTurtle.app; sourceTree = BUILT_PRODUCTS_DIR; };
		04BEC4CB21AE79ED0055F61E /* AppDelegate.swift */ = {isa = PBXFileReference; lastKnownFileType = sourcecode.swift; path = AppDelegate.swift; sourceTree = "<group>"; };
		04BEC4CD21AE79ED0055F61E /* TurtleViewController.swift */ = {isa = PBXFileReference; lastKnownFileType = sourcecode.swift; path = TurtleViewController.swift; sourceTree = "<group>"; };
		04BEC4D021AE79ED0055F61E /* Base */ = {isa = PBXFileReference; lastKnownFileType = file.storyboard; name = Base; path = Base.lproj/Main.storyboard; sourceTree = "<group>"; };
		04BEC4D221AE79F00055F61E /* Assets.xcassets */ = {isa = PBXFileReference; lastKnownFileType = folder.assetcatalog; path = Assets.xcassets; sourceTree = "<group>"; };
		04BEC4D521AE79F00055F61E /* Base */ = {isa = PBXFileReference; lastKnownFileType = file.storyboard; name = Base; path = Base.lproj/LaunchScreen.storyboard; sourceTree = "<group>"; };
		04BEC4D721AE79F00055F61E /* Info.plist */ = {isa = PBXFileReference; lastKnownFileType = text.plist.xml; path = Info.plist; sourceTree = "<group>"; };
		04BEC4DC21AE79F00055F61E /* AniTurtleTests.xctest */ = {isa = PBXFileReference; explicitFileType = wrapper.cfbundle; includeInIndex = 0; path = AniTurtleTests.xctest; sourceTree = BUILT_PRODUCTS_DIR; };
		04BEC4E021AE79F00055F61E /* AniTurtleTests.swift */ = {isa = PBXFileReference; lastKnownFileType = sourcecode.swift; path = AniTurtleTests.swift; sourceTree = "<group>"; };
		04BEC4E221AE79F00055F61E /* Info.plist */ = {isa = PBXFileReference; lastKnownFileType = text.plist.xml; path = Info.plist; sourceTree = "<group>"; };
		04BEC4E721AE79F00055F61E /* AniTurtleUITests.xctest */ = {isa = PBXFileReference; explicitFileType = wrapper.cfbundle; includeInIndex = 0; path = AniTurtleUITests.xctest; sourceTree = BUILT_PRODUCTS_DIR; };
		04BEC4EB21AE79F00055F61E /* AniTurtleUITests.swift */ = {isa = PBXFileReference; lastKnownFileType = sourcecode.swift; path = AniTurtleUITests.swift; sourceTree = "<group>"; };
		04BEC4ED21AE79F00055F61E /* Info.plist */ = {isa = PBXFileReference; lastKnownFileType = text.plist.xml; path = Info.plist; sourceTree = "<group>"; };
/* End PBXFileReference section */

/* Begin PBXFrameworksBuildPhase section */
		04BEC4C521AE79ED0055F61E /* Frameworks */ = {
			isa = PBXFrameworksBuildPhase;
			buildActionMask = 2147483647;
			files = (
			);
			runOnlyForDeploymentPostprocessing = 0;
		};
		04BEC4D921AE79F00055F61E /* Frameworks */ = {
			isa = PBXFrameworksBuildPhase;
			buildActionMask = 2147483647;
			files = (
			);
			runOnlyForDeploymentPostprocessing = 0;
		};
		04BEC4E421AE79F00055F61E /* Frameworks */ = {
			isa = PBXFrameworksBuildPhase;
			buildActionMask = 2147483647;
			files = (
			);
			runOnlyForDeploymentPostprocessing = 0;
		};
/* End PBXFrameworksBuildPhase section */

/* Begin PBXGroup section */
		04BEC4BF21AE79ED0055F61E = {
			isa = PBXGroup;
			children = (
				04BEC4CA21AE79ED0055F61E /* AniTurtle */,
				04BEC4DF21AE79F00055F61E /* AniTurtleTests */,
				04BEC4EA21AE79F00055F61E /* AniTurtleUITests */,
				04BEC4C921AE79ED0055F61E /* Products */,
			);
			sourceTree = "<group>";
		};
		04BEC4C921AE79ED0055F61E /* Products */ = {
			isa = PBXGroup;
			children = (
				04BEC4C821AE79ED0055F61E /* AniTurtle.app */,
				04BEC4DC21AE79F00055F61E /* AniTurtleTests.xctest */,
				04BEC4E721AE79F00055F61E /* AniTurtleUITests.xctest */,
			);
			name = Products;
			sourceTree = "<group>";
		};
		04BEC4CA21AE79ED0055F61E /* AniTurtle */ = {
			isa = PBXGroup;
			children = (
				04BEC4CB21AE79ED0055F61E /* AppDelegate.swift */,
				04BEC4CD21AE79ED0055F61E /* TurtleViewController.swift */,
				041524EC21B7CBBB007E3276 /* SettingsViewController.swift */,
				04BEC4CF21AE79ED0055F61E /* Main.storyboard */,
				04BEC4D221AE79F00055F61E /* Assets.xcassets */,
				04BEC4D421AE79F00055F61E /* LaunchScreen.storyboard */,
				04BEC4D721AE79F00055F61E /* Info.plist */,
			);
			path = AniTurtle;
			sourceTree = "<group>";
		};
		04BEC4DF21AE79F00055F61E /* AniTurtleTests */ = {
			isa = PBXGroup;
			children = (
				04BEC4E021AE79F00055F61E /* AniTurtleTests.swift */,
				04BEC4E221AE79F00055F61E /* Info.plist */,
			);
			path = AniTurtleTests;
			sourceTree = "<group>";
		};
		04BEC4EA21AE79F00055F61E /* AniTurtleUITests */ = {
			isa = PBXGroup;
			children = (
				04BEC4EB21AE79F00055F61E /* AniTurtleUITests.swift */,
				04BEC4ED21AE79F00055F61E /* Info.plist */,
			);
			path = AniTurtleUITests;
			sourceTree = "<group>";
		};
/* End PBXGroup section */

/* Begin PBXNativeTarget section */
		04BEC4C721AE79ED0055F61E /* AniTurtle */ = {
			isa = PBXNativeTarget;
			buildConfigurationList = 04BEC4F021AE79F00055F61E /* Build configuration list for PBXNativeTarget "AniTurtle" */;
			buildPhases = (
				04BEC4C421AE79ED0055F61E /* Sources */,
				04BEC4C521AE79ED0055F61E /* Frameworks */,
				04BEC4C621AE79ED0055F61E /* Resources */,
			);
			buildRules = (
			);
			dependencies = (
			);
			name = AniTurtle;
			productName = AniTurtle;
			productReference = 04BEC4C821AE79ED0055F61E /* AniTurtle.app */;
			productType = "com.apple.product-type.application";
		};
		04BEC4DB21AE79F00055F61E /* AniTurtleTests */ = {
			isa = PBXNativeTarget;
			buildConfigurationList = 04BEC4F321AE79F00055F61E /* Build configuration list for PBXNativeTarget "AniTurtleTests" */;
			buildPhases = (
				04BEC4D821AE79F00055F61E /* Sources */,
				04BEC4D921AE79F00055F61E /* Frameworks */,
				04BEC4DA21AE79F00055F61E /* Resources */,
			);
			buildRules = (
			);
			dependencies = (
				04BEC4DE21AE79F00055F61E /* PBXTargetDependency */,
			);
			name = AniTurtleTests;
			productName = AniTurtleTests;
			productReference = 04BEC4DC21AE79F00055F61E /* AniTurtleTests.xctest */;
			productType = "com.apple.product-type.bundle.unit-test";
		};
		04BEC4E621AE79F00055F61E /* AniTurtleUITests */ = {
			isa = PBXNativeTarget;
			buildConfigurationList = 04BEC4F621AE79F00055F61E /* Build configuration list for PBXNativeTarget "AniTurtleUITests" */;
			buildPhases = (
				04BEC4E321AE79F00055F61E /* Sources */,
				04BEC4E421AE79F00055F61E /* Frameworks */,
				04BEC4E521AE79F00055F61E /* Resources */,
			);
			buildRules = (
			);
			dependencies = (
				04BEC4E921AE79F00055F61E /* PBXTargetDependency */,
			);
			name = AniTurtleUITests;
			productName = AniTurtleUITests;
			productReference = 04BEC4E721AE79F00055F61E /* AniTurtleUITests.xctest */;
			productType = "com.apple.product-type.bundle.ui-testing";
		};
/* End PBXNativeTarget section */

/* Begin PBXProject section */
		04BEC4C021AE79ED0055F61E /* Project object */ = {
			isa = PBXProject;
			attributes = {
				LastSwiftUpdateCheck = 1010;
				LastUpgradeCheck = 1010;
				ORGANIZATIONNAME = "Elliot Alderson";
				TargetAttributes = {
					04BEC4C721AE79ED0055F61E = {
						CreatedOnToolsVersion = 10.1;
					};
					04BEC4DB21AE79F00055F61E = {
						CreatedOnToolsVersion = 10.1;
						TestTargetID = 04BEC4C721AE79ED0055F61E;
					};
					04BEC4E621AE79F00055F61E = {
						CreatedOnToolsVersion = 10.1;
						TestTargetID = 04BEC4C721AE79ED0055F61E;
					};
				};
			};
			buildConfigurationList = 04BEC4C321AE79ED0055F61E /* Build configuration list for PBXProject "AniTurtle" */;
			compatibilityVersion = "Xcode 9.3";
			developmentRegion = en;
			hasScannedForEncodings = 0;
			knownRegions = (
				en,
				Base,
			);
			mainGroup = 04BEC4BF21AE79ED0055F61E;
			productRefGroup = 04BEC4C921AE79ED0055F61E /* Products */;
			projectDirPath = "";
			projectRoot = "";
			targets = (
				04BEC4C721AE79ED0055F61E /* AniTurtle */,
				04BEC4DB21AE79F00055F61E /* AniTurtleTests */,
				04BEC4E621AE79F00055F61E /* AniTurtleUITests */,
			);
		};
/* End PBXProject section */

/* Begin PBXResourcesBuildPhase section */
		04BEC4C621AE79ED0055F61E /* Resources */ = {
			isa = PBXResourcesBuildPhase;
			buildActionMask = 2147483647;
			files = (
				04BEC4D621AE79F00055F61E /* LaunchScreen.storyboard in Resources */,
				04BEC4D321AE79F00055F61E /* Assets.xcassets in Resources */,
				04BEC4D121AE79ED0055F61E /* Main.storyboard in Resources */,
			);
			runOnlyForDeploymentPostprocessing = 0;
		};
		04BEC4DA21AE79F00055F61E /* Resources */ = {
			isa = PBXResourcesBuildPhase;
			buildActionMask = 2147483647;
			files = (
			);
			runOnlyForDeploymentPostprocessing = 0;
		};
		04BEC4E521AE79F00055F61E /* Resources */ = {
			isa = PBXResourcesBuildPhase;
			buildActionMask = 2147483647;
			files = (
			);
			runOnlyForDeploymentPostprocessing = 0;
		};
/* End PBXResourcesBuildPhase section */

/* Begin PBXSourcesBuildPhase section */
		04BEC4C421AE79ED0055F61E /* Sources */ = {
			isa = PBXSourcesBuildPhase;
			buildActionMask = 2147483647;
			files = (
				04BEC4CE21AE79ED0055F61E /* TurtleViewController.swift in Sources */,
				04BEC4CC21AE79ED0055F61E /* AppDelegate.swift in Sources */,
				041524ED21B7CBBB007E3276 /* SettingsViewController.swift in Sources */,
			);
			runOnlyForDeploymentPostprocessing = 0;
		};
		04BEC4D821AE79F00055F61E /* Sources */ = {
			isa = PBXSourcesBuildPhase;
			buildActionMask = 2147483647;
			files = (
				04BEC4E121AE79F00055F61E /* AniTurtleTests.swift in Sources */,
			);
			runOnlyForDeploymentPostprocessing = 0;
		};
		04BEC4E321AE79F00055F61E /* Sources */ = {
			isa = PBXSourcesBuildPhase;
			buildActionMask = 2147483647;
			files = (
				04BEC4EC21AE79F00055F61E /* AniTurtleUITests.swift in Sources */,
			);
			runOnlyForDeploymentPostprocessing = 0;
		};
/* End PBXSourcesBuildPhase section */

/* Begin PBXTargetDependency section */
		04BEC4DE21AE79F00055F61E /* PBXTargetDependency */ = {
			isa = PBXTargetDependency;
			target = 04BEC4C721AE79ED0055F61E /* AniTurtle */;
			targetProxy = 04BEC4DD21AE79F00055F61E /* PBXContainerItemProxy */;
		};
		04BEC4E921AE79F00055F61E /* PBXTargetDependency */ = {
			isa = PBXTargetDependency;
			target = 04BEC4C721AE79ED0055F61E /* AniTurtle */;
			targetProxy = 04BEC4E821AE79F00055F61E /* PBXContainerItemProxy */;
		};
/* End PBXTargetDependency section */

/* Begin PBXVariantGroup section */
		04BEC4CF21AE79ED0055F61E /* Main.storyboard */ = {
			isa = PBXVariantGroup;
			children = (
				04BEC4D021AE79ED0055F61E /* Base */,
			);
			name = Main.storyboard;
			sourceTree = "<group>";
		};
		04BEC4D421AE79F00055F61E /* LaunchScreen.storyboard */ = {
			isa = PBXVariantGroup;
			children = (
				04BEC4D521AE79F00055F61E /* Base */,
			);
			name = LaunchScreen.storyboard;
			sourceTree = "<group>";
		};
/* End PBXVariantGroup section */

/* Begin XCBuildConfiguration section */
		04BEC4EE21AE79F00055F61E /* Debug */ = {
			isa = XCBuildConfiguration;
			buildSettings = {
				ALWAYS_SEARCH_USER_PATHS = NO;
				CLANG_ANALYZER_NONNULL = YES;
				CLANG_ANALYZER_NUMBER_OBJECT_CONVERSION = YES_AGGRESSIVE;
				CLANG_CXX_LANGUAGE_STANDARD = "gnu++14";
				CLANG_CXX_LIBRARY = "libc++";
				CLANG_ENABLE_MODULES = YES;
				CLANG_ENABLE_OBJC_ARC = YES;
				CLANG_ENABLE_OBJC_WEAK = YES;
				CLANG_WARN_BLOCK_CAPTURE_AUTORELEASING = YES;
				CLANG_WARN_BOOL_CONVERSION = YES;
				CLANG_WARN_COMMA = YES;
				CLANG_WARN_CONSTANT_CONVERSION = YES;
				CLANG_WARN_DEPRECATED_OBJC_IMPLEMENTATIONS = YES;
				CLANG_WARN_DIRECT_OBJC_ISA_USAGE = YES_ERROR;
				CLANG_WARN_DOCUMENTATION_COMMENTS = YES;
				CLANG_WARN_EMPTY_BODY = YES;
				CLANG_WARN_ENUM_CONVERSION = YES;
				CLANG_WARN_INFINITE_RECURSION = YES;
				CLANG_WARN_INT_CONVERSION = YES;
				CLANG_WARN_NON_LITERAL_NULL_CONVERSION = YES;
				CLANG_WARN_OBJC_IMPLICIT_RETAIN_SELF = YES;
				CLANG_WARN_OBJC_LITERAL_CONVERSION = YES;
				CLANG_WARN_OBJC_ROOT_CLASS = YES_ERROR;
				CLANG_WARN_RANGE_LOOP_ANALYSIS = YES;
				CLANG_WARN_STRICT_PROTOTYPES = YES;
				CLANG_WARN_SUSPICIOUS_MOVE = YES;
				CLANG_WARN_UNGUARDED_AVAILABILITY = YES_AGGRESSIVE;
				CLANG_WARN_UNREACHABLE_CODE = YES;
				CLANG_WARN__DUPLICATE_METHOD_MATCH = YES;
				CODE_SIGN_IDENTITY = "iPhone Developer";
				COPY_PHASE_STRIP = NO;
				DEBUG_INFORMATION_FORMAT = dwarf;
				ENABLE_STRICT_OBJC_MSGSEND = YES;
				ENABLE_TESTABILITY = YES;
				GCC_C_LANGUAGE_STANDARD = gnu11;
				GCC_DYNAMIC_NO_PIC = NO;
				GCC_NO_COMMON_BLOCKS = YES;
				GCC_OPTIMIZATION_LEVEL = 0;
				GCC_PREPROCESSOR_DEFINITIONS = (
					"DEBUG=1",
					"$(inherited)",
				);
				GCC_WARN_64_TO_32_BIT_CONVERSION = YES;
				GCC_WARN_ABOUT_RETURN_TYPE = YES_ERROR;
				GCC_WARN_UNDECLARED_SELECTOR = YES;
				GCC_WARN_UNINITIALIZED_AUTOS = YES_AGGRESSIVE;
				GCC_WARN_UNUSED_FUNCTION = YES;
				GCC_WARN_UNUSED_VARIABLE = YES;
				IPHONEOS_DEPLOYMENT_TARGET = 12.1;
				MTL_ENABLE_DEBUG_INFO = INCLUDE_SOURCE;
				MTL_FAST_MATH = YES;
				ONLY_ACTIVE_ARCH = YES;
				SDKROOT = iphoneos;
				SWIFT_ACTIVE_COMPILATION_CONDITIONS = DEBUG;
				SWIFT_OPTIMIZATION_LEVEL = "-Onone";
			};
			name = Debug;
		};
		04BEC4EF21AE79F00055F61E /* Release */ = {
			isa = XCBuildConfiguration;
			buildSettings = {
				ALWAYS_SEARCH_USER_PATHS = NO;
				CLANG_ANALYZER_NONNULL = YES;
				CLANG_ANALYZER_NUMBER_OBJECT_CONVERSION = YES_AGGRESSIVE;
				CLANG_CXX_LANGUAGE_STANDARD = "gnu++14";
				CLANG_CXX_LIBRARY = "libc++";
				CLANG_ENABLE_MODULES = YES;
				CLANG_ENABLE_OBJC_ARC = YES;
				CLANG_ENABLE_OBJC_WEAK = YES;
				CLANG_WARN_BLOCK_CAPTURE_AUTORELEASING = YES;
				CLANG_WARN_BOOL_CONVERSION = YES;
				CLANG_WARN_COMMA = YES;
				CLANG_WARN_CONSTANT_CONVERSION = YES;
				CLANG_WARN_DEPRECATED_OBJC_IMPLEMENTATIONS = YES;
				CLANG_WARN_DIRECT_OBJC_ISA_USAGE = YES_ERROR;
				CLANG_WARN_DOCUMENTATION_COMMENTS = YES;
				CLANG_WARN_EMPTY_BODY = YES;
				CLANG_WARN_ENUM_CONVERSION = YES;
				CLANG_WARN_INFINITE_RECURSION = YES;
				CLANG_WARN_INT_CONVERSION = YES;
				CLANG_WARN_NON_LITERAL_NULL_CONVERSION = YES;
				CLANG_WARN_OBJC_IMPLICIT_RETAIN_SELF = YES;
				CLANG_WARN_OBJC_LITERAL_CONVERSION = YES;
				CLANG_WARN_OBJC_ROOT_CLASS = YES_ERROR;
				CLANG_WARN_RANGE_LOOP_ANALYSIS = YES;
				CLANG_WARN_STRICT_PROTOTYPES = YES;
				CLANG_WARN_SUSPICIOUS_MOVE = YES;
				CLANG_WARN_UNGUARDED_AVAILABILITY = YES_AGGRESSIVE;
				CLANG_WARN_UNREACHABLE_CODE = YES;
				CLANG_WARN__DUPLICATE_METHOD_MATCH = YES;
				CODE_SIGN_IDENTITY = "iPhone Developer";
				COPY_PHASE_STRIP = NO;
				DEBUG_INFORMATION_FORMAT = "dwarf-with-dsym";
				ENABLE_NS_ASSERTIONS = NO;
				ENABLE_STRICT_OBJC_MSGSEND = YES;
				GCC_C_LANGUAGE_STANDARD = gnu11;
				GCC_NO_COMMON_BLOCKS = YES;
				GCC_WARN_64_TO_32_BIT_CONVERSION = YES;
				GCC_WARN_ABOUT_RETURN_TYPE = YES_ERROR;
				GCC_WARN_UNDECLARED_SELECTOR = YES;
				GCC_WARN_UNINITIALIZED_AUTOS = YES_AGGRESSIVE;
				GCC_WARN_UNUSED_FUNCTION = YES;
				GCC_WARN_UNUSED_VARIABLE = YES;
				IPHONEOS_DEPLOYMENT_TARGET = 12.1;
				MTL_ENABLE_DEBUG_INFO = NO;
				MTL_FAST_MATH = YES;
				SDKROOT = iphoneos;
				SWIFT_COMPILATION_MODE = wholemodule;
				SWIFT_OPTIMIZATION_LEVEL = "-O";
				VALIDATE_PRODUCT = YES;
			};
			name = Release;
		};
		04BEC4F121AE79F00055F61E /* Debug */ = {
			isa = XCBuildConfiguration;
			buildSettings = {
				ASSETCATALOG_COMPILER_APPICON_NAME = AppIcon;
				CODE_SIGN_STYLE = Automatic;
				DEVELOPMENT_TEAM = 6LB7C5RKJ7;
				INFOPLIST_FILE = AniTurtle/Info.plist;
				LD_RUNPATH_SEARCH_PATHS = (
					"$(inherited)",
					"@executable_path/Frameworks",
				);
				PRODUCT_BUNDLE_IDENTIFIER = ru.ifmo.ctddev.vozleev.AniTurtle;
				PRODUCT_NAME = "$(TARGET_NAME)";
				SWIFT_VERSION = 4.2;
				TARGETED_DEVICE_FAMILY = "1,2";
			};
			name = Debug;
		};
		04BEC4F221AE79F00055F61E /* Release */ = {
			isa = XCBuildConfiguration;
			buildSettings = {
				ASSETCATALOG_COMPILER_APPICON_NAME = AppIcon;
				CODE_SIGN_STYLE = Automatic;
				DEVELOPMENT_TEAM = 6LB7C5RKJ7;
				INFOPLIST_FILE = AniTurtle/Info.plist;
				LD_RUNPATH_SEARCH_PATHS = (
					"$(inherited)",
					"@executable_path/Frameworks",
				);
				PRODUCT_BUNDLE_IDENTIFIER = ru.ifmo.ctddev.vozleev.AniTurtle;
				PRODUCT_NAME = "$(TARGET_NAME)";
				SWIFT_VERSION = 4.2;
				TARGETED_DEVICE_FAMILY = "1,2";
			};
			name = Release;
		};
		04BEC4F421AE79F00055F61E /* Debug */ = {
			isa = XCBuildConfiguration;
			buildSettings = {
				ALWAYS_EMBED_SWIFT_STANDARD_LIBRARIES = YES;
				BUNDLE_LOADER = "$(TEST_HOST)";
				CODE_SIGN_STYLE = Automatic;
				DEVELOPMENT_TEAM = 6LB7C5RKJ7;
				INFOPLIST_FILE = AniTurtleTests/Info.plist;
				LD_RUNPATH_SEARCH_PATHS = (
					"$(inherited)",
					"@executable_path/Frameworks",
					"@loader_path/Frameworks",
				);
				PRODUCT_BUNDLE_IDENTIFIER = ru.ifmo.ctddev.vozleev.AniTurtleTests;
				PRODUCT_NAME = "$(TARGET_NAME)";
				SWIFT_VERSION = 4.2;
				TARGETED_DEVICE_FAMILY = "1,2";
				TEST_HOST = "$(BUILT_PRODUCTS_DIR)/AniTurtle.app/AniTurtle";
			};
			name = Debug;
		};
		04BEC4F521AE79F00055F61E /* Release */ = {
			isa = XCBuildConfiguration;
			buildSettings = {
				ALWAYS_EMBED_SWIFT_STANDARD_LIBRARIES = YES;
				BUNDLE_LOADER = "$(TEST_HOST)";
				CODE_SIGN_STYLE = Automatic;
				DEVELOPMENT_TEAM = 6LB7C5RKJ7;
				INFOPLIST_FILE = AniTurtleTests/Info.plist;
				LD_RUNPATH_SEARCH_PATHS = (
					"$(inherited)",
					"@executable_path/Frameworks",
					"@loader_path/Frameworks",
				);
				PRODUCT_BUNDLE_IDENTIFIER = ru.ifmo.ctddev.vozleev.AniTurtleTests;
				PRODUCT_NAME = "$(TARGET_NAME)";
				SWIFT_VERSION = 4.2;
				TARGETED_DEVICE_FAMILY = "1,2";
				TEST_HOST = "$(BUILT_PRODUCTS_DIR)/AniTurtle.app/AniTurtle";
			};
			name = Release;
		};
		04BEC4F721AE79F00055F61E /* Debug */ = {
			isa = XCBuildConfiguration;
			buildSettings = {
				ALWAYS_EMBED_SWIFT_STANDARD_LIBRARIES = YES;
				CODE_SIGN_STYLE = Automatic;
				DEVELOPMENT_TEAM = 6LB7C5RKJ7;
				INFOPLIST_FILE = AniTurtleUITests/Info.plist;
				LD_RUNPATH_SEARCH_PATHS = (
					"$(inherited)",
					"@executable_path/Frameworks",
					"@loader_path/Frameworks",
				);
				PRODUCT_BUNDLE_IDENTIFIER = ru.ifmo.ctddev.vozleev.AniTurtleUITests;
				PRODUCT_NAME = "$(TARGET_NAME)";
				SWIFT_VERSION = 4.2;
				TARGETED_DEVICE_FAMILY = "1,2";
				TEST_TARGET_NAME = AniTurtle;
			};
			name = Debug;
		};
		04BEC4F821AE79F00055F61E /* Release */ = {
			isa = XCBuildConfiguration;
			buildSettings = {
				ALWAYS_EMBED_SWIFT_STANDARD_LIBRARIES = YES;
				CODE_SIGN_STYLE = Automatic;
				DEVELOPMENT_TEAM = 6LB7C5RKJ7;
				INFOPLIST_FILE = AniTurtleUITests/Info.plist;
				LD_RUNPATH_SEARCH_PATHS = (
					"$(inherited)",
					"@executable_path/Frameworks",
					"@loader_path/Frameworks",
				);
				PRODUCT_BUNDLE_IDENTIFIER = ru.ifmo.ctddev.vozleev.AniTurtleUITests;
				PRODUCT_NAME = "$(TARGET_NAME)";
				SWIFT_VERSION = 4.2;
				TARGETED_DEVICE_FAMILY = "1,2";
				TEST_TARGET_NAME = AniTurtle;
			};
			name = Release;
		};
/* End XCBuildConfiguration section */

/* Begin XCConfigurationList section */
		04BEC4C321AE79ED0055F61E /* Build configuration list for PBXProject "AniTurtle" */ = {
			isa = XCConfigurationList;
			buildConfigurations = (
				04BEC4EE21AE79F00055F61E /* Debug */,
				04BEC4EF21AE79F00055F61E /* Release */,
			);
			defaultConfigurationIsVisible = 0;
			defaultConfigurationName = Release;
		};
		04BEC4F021AE79F00055F61E /* Build configuration list for PBXNativeTarget "AniTurtle" */ = {
			isa = XCConfigurationList;
			buildConfigurations = (
				04BEC4F121AE79F00055F61E /* Debug */,
				04BEC4F221AE79F00055F61E /* Release */,
			);
			defaultConfigurationIsVisible = 0;
			defaultConfigurationName = Release;
		};
		04BEC4F321AE79F00055F61E /* Build configuration list for PBXNativeTarget "AniTurtleTests" */ = {
			isa = XCConfigurationList;
			buildConfigurations = (
				04BEC4F421AE79F00055F61E /* Debug */,
				04BEC4F521AE79F00055F61E /* Release */,
			);
			defaultConfigurationIsVisible = 0;
			defaultConfigurationName = Release;
		};
		04BEC4F621AE79F00055F61E /* Build configuration list for PBXNativeTarget "AniTurtleUITests" */ = {
			isa = XCConfigurationList;
			buildConfigurations = (
				04BEC4F721AE79F00055F61E /* Debug */,
				04BEC4F821AE79F00055F61E /* Release */,
			);
			defaultConfigurationIsVisible = 0;
			defaultConfigurationName = Release;
		};
/* End XCConfigurationList section */
	};
	rootObject = 04BEC4C021AE79ED0055F61E /* Project object */;
}
