// !$*UTF8*$!
{
	archiveVersion = 1;
	classes = {
	};
	objectVersion = 50;
	objects = {

/* Begin PBXBuildFile section */
		0448A7D721C151D50022F7CC /* AppDelegate.swift in Sources */ = {isa = PBXBuildFile; fileRef = 0448A7D621C151D50022F7CC /* AppDelegate.swift */; };
		0448A7D921C151D50022F7CC /* ViewController.swift in Sources */ = {isa = PBXBuildFile; fileRef = 0448A7D821C151D50022F7CC /* ViewController.swift */; };
		0448A7DC21C151D50022F7CC /* Main.storyboard in Resources */ = {isa = PBXBuildFile; fileRef = 0448A7DA21C151D50022F7CC /* Main.storyboard */; };
		0448A7E121C151D80022F7CC /* LaunchScreen.storyboard in Resources */ = {isa = PBXBuildFile; fileRef = 0448A7DF21C151D80022F7CC /* LaunchScreen.storyboard */; };
		0448A7EC21C151D80022F7CC /* DiceTests.swift in Sources */ = {isa = PBXBuildFile; fileRef = 0448A7EB21C151D80022F7CC /* DiceTests.swift */; };
		0448A7F721C151D80022F7CC /* DiceUITests.swift in Sources */ = {isa = PBXBuildFile; fileRef = 0448A7F621C151D80022F7CC /* DiceUITests.swift */; };
		0448A80721C258830022F7CC /* Assets.xcassets in Resources */ = {isa = PBXBuildFile; fileRef = 0448A80621C258830022F7CC /* Assets.xcassets */; };
/* End PBXBuildFile section */

/* Begin PBXContainerItemProxy section */
		0448A7E821C151D80022F7CC /* PBXContainerItemProxy */ = {
			isa = PBXContainerItemProxy;
			containerPortal = 0448A7CB21C151D50022F7CC /* Project object */;
			proxyType = 1;
			remoteGlobalIDString = 0448A7D221C151D50022F7CC;
			remoteInfo = Dice;
		};
		0448A7F321C151D80022F7CC /* PBXContainerItemProxy */ = {
			isa = PBXContainerItemProxy;
			containerPortal = 0448A7CB21C151D50022F7CC /* Project object */;
			proxyType = 1;
			remoteGlobalIDString = 0448A7D221C151D50022F7CC;
			remoteInfo = Dice;
		};
/* End PBXContainerItemProxy section */

/* Begin PBXFileReference section */
		0448A7D321C151D50022F7CC /* Dice.app */ = {isa = PBXFileReference; explicitFileType = wrapper.application; includeInIndex = 0; path = Dice.app; sourceTree = BUILT_PRODUCTS_DIR; };
		0448A7D621C151D50022F7CC /* AppDelegate.swift */ = {isa = PBXFileReference; lastKnownFileType = sourcecode.swift; path = AppDelegate.swift; sourceTree = "<group>"; };
		0448A7D821C151D50022F7CC /* ViewController.swift */ = {isa = PBXFileReference; lastKnownFileType = sourcecode.swift; path = ViewController.swift; sourceTree = "<group>"; };
		0448A7DB21C151D50022F7CC /* Base */ = {isa = PBXFileReference; lastKnownFileType = file.storyboard; name = Base; path = Base.lproj/Main.storyboard; sourceTree = "<group>"; };
		0448A7E021C151D80022F7CC /* Base */ = {isa = PBXFileReference; lastKnownFileType = file.storyboard; name = Base; path = Base.lproj/LaunchScreen.storyboard; sourceTree = "<group>"; };
		0448A7E221C151D80022F7CC /* Info.plist */ = {isa = PBXFileReference; lastKnownFileType = text.plist.xml; path = Info.plist; sourceTree = "<group>"; };
		0448A7E721C151D80022F7CC /* DiceTests.xctest */ = {isa = PBXFileReference; explicitFileType = wrapper.cfbundle; includeInIndex = 0; path = DiceTests.xctest; sourceTree = BUILT_PRODUCTS_DIR; };
		0448A7EB21C151D80022F7CC /* DiceTests.swift */ = {isa = PBXFileReference; lastKnownFileType = sourcecode.swift; path = DiceTests.swift; sourceTree = "<group>"; };
		0448A7ED21C151D80022F7CC /* Info.plist */ = {isa = PBXFileReference; lastKnownFileType = text.plist.xml; path = Info.plist; sourceTree = "<group>"; };
		0448A7F221C151D80022F7CC /* DiceUITests.xctest */ = {isa = PBXFileReference; explicitFileType = wrapper.cfbundle; includeInIndex = 0; path = DiceUITests.xctest; sourceTree = BUILT_PRODUCTS_DIR; };
		0448A7F621C151D80022F7CC /* DiceUITests.swift */ = {isa = PBXFileReference; lastKnownFileType = sourcecode.swift; path = DiceUITests.swift; sourceTree = "<group>"; };
		0448A7F821C151D80022F7CC /* Info.plist */ = {isa = PBXFileReference; lastKnownFileType = text.plist.xml; path = Info.plist; sourceTree = "<group>"; };
		0448A80621C258830022F7CC /* Assets.xcassets */ = {isa = PBXFileReference; lastKnownFileType = folder.assetcatalog; path = Assets.xcassets; sourceTree = "<group>"; };
/* End PBXFileReference section */

/* Begin PBXFrameworksBuildPhase section */
		0448A7D021C151D50022F7CC /* Frameworks */ = {
			isa = PBXFrameworksBuildPhase;
			buildActionMask = 2147483647;
			files = (
			);
			runOnlyForDeploymentPostprocessing = 0;
		};
		0448A7E421C151D80022F7CC /* Frameworks */ = {
			isa = PBXFrameworksBuildPhase;
			buildActionMask = 2147483647;
			files = (
			);
			runOnlyForDeploymentPostprocessing = 0;
		};
		0448A7EF21C151D80022F7CC /* Frameworks */ = {
			isa = PBXFrameworksBuildPhase;
			buildActionMask = 2147483647;
			files = (
			);
			runOnlyForDeploymentPostprocessing = 0;
		};
/* End PBXFrameworksBuildPhase section */

/* Begin PBXGroup section */
		0448A7CA21C151D50022F7CC = {
			isa = PBXGroup;
			children = (
				0448A7D521C151D50022F7CC /* Dice */,
				0448A7EA21C151D80022F7CC /* DiceTests */,
				0448A7F521C151D80022F7CC /* DiceUITests */,
				0448A7D421C151D50022F7CC /* Products */,
			);
			sourceTree = "<group>";
		};
		0448A7D421C151D50022F7CC /* Products */ = {
			isa = PBXGroup;
			children = (
				0448A7D321C151D50022F7CC /* Dice.app */,
				0448A7E721C151D80022F7CC /* DiceTests.xctest */,
				0448A7F221C151D80022F7CC /* DiceUITests.xctest */,
			);
			name = Products;
			sourceTree = "<group>";
		};
		0448A7D521C151D50022F7CC /* Dice */ = {
			isa = PBXGroup;
			children = (
				0448A7D621C151D50022F7CC /* AppDelegate.swift */,
				0448A7D821C151D50022F7CC /* ViewController.swift */,
				0448A7DA21C151D50022F7CC /* Main.storyboard */,
				0448A80621C258830022F7CC /* Assets.xcassets */,
				0448A7DF21C151D80022F7CC /* LaunchScreen.storyboard */,
				0448A7E221C151D80022F7CC /* Info.plist */,
			);
			path = Dice;
			sourceTree = "<group>";
		};
		0448A7EA21C151D80022F7CC /* DiceTests */ = {
			isa = PBXGroup;
			children = (
				0448A7EB21C151D80022F7CC /* DiceTests.swift */,
				0448A7ED21C151D80022F7CC /* Info.plist */,
			);
			path = DiceTests;
			sourceTree = "<group>";
		};
		0448A7F521C151D80022F7CC /* DiceUITests */ = {
			isa = PBXGroup;
			children = (
				0448A7F621C151D80022F7CC /* DiceUITests.swift */,
				0448A7F821C151D80022F7CC /* Info.plist */,
			);
			path = DiceUITests;
			sourceTree = "<group>";
		};
/* End PBXGroup section */

/* Begin PBXNativeTarget section */
		0448A7D221C151D50022F7CC /* Dice */ = {
			isa = PBXNativeTarget;
			buildConfigurationList = 0448A7FB21C151D80022F7CC /* Build configuration list for PBXNativeTarget "Dice" */;
			buildPhases = (
				0448A7CF21C151D50022F7CC /* Sources */,
				0448A7D021C151D50022F7CC /* Frameworks */,
				0448A7D121C151D50022F7CC /* Resources */,
			);
			buildRules = (
			);
			dependencies = (
			);
			name = Dice;
			productName = Dice;
			productReference = 0448A7D321C151D50022F7CC /* Dice.app */;
			productType = "com.apple.product-type.application";
		};
		0448A7E621C151D80022F7CC /* DiceTests */ = {
			isa = PBXNativeTarget;
			buildConfigurationList = 0448A7FE21C151D80022F7CC /* Build configuration list for PBXNativeTarget "DiceTests" */;
			buildPhases = (
				0448A7E321C151D80022F7CC /* Sources */,
				0448A7E421C151D80022F7CC /* Frameworks */,
				0448A7E521C151D80022F7CC /* Resources */,
			);
			buildRules = (
			);
			dependencies = (
				0448A7E921C151D80022F7CC /* PBXTargetDependency */,
			);
			name = DiceTests;
			productName = DiceTests;
			productReference = 0448A7E721C151D80022F7CC /* DiceTests.xctest */;
			productType = "com.apple.product-type.bundle.unit-test";
		};
		0448A7F121C151D80022F7CC /* DiceUITests */ = {
			isa = PBXNativeTarget;
			buildConfigurationList = 0448A80121C151D80022F7CC /* Build configuration list for PBXNativeTarget "DiceUITests" */;
			buildPhases = (
				0448A7EE21C151D80022F7CC /* Sources */,
				0448A7EF21C151D80022F7CC /* Frameworks */,
				0448A7F021C151D80022F7CC /* Resources */,
			);
			buildRules = (
			);
			dependencies = (
				0448A7F421C151D80022F7CC /* PBXTargetDependency */,
			);
			name = DiceUITests;
			productName = DiceUITests;
			productReference = 0448A7F221C151D80022F7CC /* DiceUITests.xctest */;
			productType = "com.apple.product-type.bundle.ui-testing";
		};
/* End PBXNativeTarget section */

/* Begin PBXProject section */
		0448A7CB21C151D50022F7CC /* Project object */ = {
			isa = PBXProject;
			attributes = {
				LastSwiftUpdateCheck = 1010;
				LastUpgradeCheck = 1010;
				ORGANIZATIONNAME = "Elliot Alderson";
				TargetAttributes = {
					0448A7D221C151D50022F7CC = {
						CreatedOnToolsVersion = 10.1;
					};
					0448A7E621C151D80022F7CC = {
						CreatedOnToolsVersion = 10.1;
						TestTargetID = 0448A7D221C151D50022F7CC;
					};
					0448A7F121C151D80022F7CC = {
						CreatedOnToolsVersion = 10.1;
						TestTargetID = 0448A7D221C151D50022F7CC;
					};
				};
			};
			buildConfigurationList = 0448A7CE21C151D50022F7CC /* Build configuration list for PBXProject "Dice" */;
			compatibilityVersion = "Xcode 9.3";
			developmentRegion = en;
			hasScannedForEncodings = 0;
			knownRegions = (
				en,
				Base,
			);
			mainGroup = 0448A7CA21C151D50022F7CC;
			productRefGroup = 0448A7D421C151D50022F7CC /* Products */;
			projectDirPath = "";
			projectRoot = "";
			targets = (
				0448A7D221C151D50022F7CC /* Dice */,
				0448A7E621C151D80022F7CC /* DiceTests */,
				0448A7F121C151D80022F7CC /* DiceUITests */,
			);
		};
/* End PBXProject section */

/* Begin PBXResourcesBuildPhase section */
		0448A7D121C151D50022F7CC /* Resources */ = {
			isa = PBXResourcesBuildPhase;
			buildActionMask = 2147483647;
			files = (
				0448A7E121C151D80022F7CC /* LaunchScreen.storyboard in Resources */,
				0448A80721C258830022F7CC /* Assets.xcassets in Resources */,
				0448A7DC21C151D50022F7CC /* Main.storyboard in Resources */,
			);
			runOnlyForDeploymentPostprocessing = 0;
		};
		0448A7E521C151D80022F7CC /* Resources */ = {
			isa = PBXResourcesBuildPhase;
			buildActionMask = 2147483647;
			files = (
			);
			runOnlyForDeploymentPostprocessing = 0;
		};
		0448A7F021C151D80022F7CC /* Resources */ = {
			isa = PBXResourcesBuildPhase;
			buildActionMask = 2147483647;
			files = (
			);
			runOnlyForDeploymentPostprocessing = 0;
		};
/* End PBXResourcesBuildPhase section */

/* Begin PBXSourcesBuildPhase section */
		0448A7CF21C151D50022F7CC /* Sources */ = {
			isa = PBXSourcesBuildPhase;
			buildActionMask = 2147483647;
			files = (
				0448A7D921C151D50022F7CC /* ViewController.swift in Sources */,
				0448A7D721C151D50022F7CC /* AppDelegate.swift in Sources */,
			);
			runOnlyForDeploymentPostprocessing = 0;
		};
		0448A7E321C151D80022F7CC /* Sources */ = {
			isa = PBXSourcesBuildPhase;
			buildActionMask = 2147483647;
			files = (
				0448A7EC21C151D80022F7CC /* DiceTests.swift in Sources */,
			);
			runOnlyForDeploymentPostprocessing = 0;
		};
		0448A7EE21C151D80022F7CC /* Sources */ = {
			isa = PBXSourcesBuildPhase;
			buildActionMask = 2147483647;
			files = (
				0448A7F721C151D80022F7CC /* DiceUITests.swift in Sources */,
			);
			runOnlyForDeploymentPostprocessing = 0;
		};
/* End PBXSourcesBuildPhase section */

/* Begin PBXTargetDependency section */
		0448A7E921C151D80022F7CC /* PBXTargetDependency */ = {
			isa = PBXTargetDependency;
			target = 0448A7D221C151D50022F7CC /* Dice */;
			targetProxy = 0448A7E821C151D80022F7CC /* PBXContainerItemProxy */;
		};
		0448A7F421C151D80022F7CC /* PBXTargetDependency */ = {
			isa = PBXTargetDependency;
			target = 0448A7D221C151D50022F7CC /* Dice */;
			targetProxy = 0448A7F321C151D80022F7CC /* PBXContainerItemProxy */;
		};
/* End PBXTargetDependency section */

/* Begin PBXVariantGroup section */
		0448A7DA21C151D50022F7CC /* Main.storyboard */ = {
			isa = PBXVariantGroup;
			children = (
				0448A7DB21C151D50022F7CC /* Base */,
			);
			name = Main.storyboard;
			sourceTree = "<group>";
		};
		0448A7DF21C151D80022F7CC /* LaunchScreen.storyboard */ = {
			isa = PBXVariantGroup;
			children = (
				0448A7E021C151D80022F7CC /* Base */,
			);
			name = LaunchScreen.storyboard;
			sourceTree = "<group>";
		};
/* End PBXVariantGroup section */

/* Begin XCBuildConfiguration section */
		0448A7F921C151D80022F7CC /* Debug */ = {
			isa = XCBuildConfiguration;
			buildSettings = {
				ALWAYS_SEARCH_USER_PATHS = NO;
				CLANG_ANALYZER_NONNULL = YES;
				CLANG_ANALYZER_NUMBER_OBJECT_CONVERSION = YES_AGGRESSIVE;
				CLANG_CXX_LANGUAGE_STANDARD = "gnu++14";
				CLANG_CXX_LIBRARY = "libc++";
				CLANG_ENABLE_MODULES = YES;
				CLANG_ENABLE_OBJC_ARC = YES;
				CLANG_ENABLE_OBJC_WEAK = YES;
				CLANG_WARN_BLOCK_CAPTURE_AUTORELEASING = YES;
				CLANG_WARN_BOOL_CONVERSION = YES;
				CLANG_WARN_COMMA = YES;
				CLANG_WARN_CONSTANT_CONVERSION = YES;
				CLANG_WARN_DEPRECATED_OBJC_IMPLEMENTATIONS = YES;
				CLANG_WARN_DIRECT_OBJC_ISA_USAGE = YES_ERROR;
				CLANG_WARN_DOCUMENTATION_COMMENTS = YES;
				CLANG_WARN_EMPTY_BODY = YES;
				CLANG_WARN_ENUM_CONVERSION = YES;
				CLANG_WARN_INFINITE_RECURSION = YES;
				CLANG_WARN_INT_CONVERSION = YES;
				CLANG_WARN_NON_LITERAL_NULL_CONVERSION = YES;
				CLANG_WARN_OBJC_IMPLICIT_RETAIN_SELF = YES;
				CLANG_WARN_OBJC_LITERAL_CONVERSION = YES;
				CLANG_WARN_OBJC_ROOT_CLASS = YES_ERROR;
				CLANG_WARN_RANGE_LOOP_ANALYSIS = YES;
				CLANG_WARN_STRICT_PROTOTYPES = YES;
				CLANG_WARN_SUSPICIOUS_MOVE = YES;
				CLANG_WARN_UNGUARDED_AVAILABILITY = YES_AGGRESSIVE;
				CLANG_WARN_UNREACHABLE_CODE = YES;
				CLANG_WARN__DUPLICATE_METHOD_MATCH = YES;
				CODE_SIGN_IDENTITY = "iPhone Developer";
				COPY_PHASE_STRIP = NO;
				DEBUG_INFORMATION_FORMAT = dwarf;
				ENABLE_STRICT_OBJC_MSGSEND = YES;
				ENABLE_TESTABILITY = YES;
				GCC_C_LANGUAGE_STANDARD = gnu11;
				GCC_DYNAMIC_NO_PIC = NO;
				GCC_NO_COMMON_BLOCKS = YES;
				GCC_OPTIMIZATION_LEVEL = 0;
				GCC_PREPROCESSOR_DEFINITIONS = (
					"DEBUG=1",
					"$(inherited)",
				);
				GCC_WARN_64_TO_32_BIT_CONVERSION = YES;
				GCC_WARN_ABOUT_RETURN_TYPE = YES_ERROR;
				GCC_WARN_UNDECLARED_SELECTOR = YES;
				GCC_WARN_UNINITIALIZED_AUTOS = YES_AGGRESSIVE;
				GCC_WARN_UNUSED_FUNCTION = YES;
				GCC_WARN_UNUSED_VARIABLE = YES;
				IPHONEOS_DEPLOYMENT_TARGET = 12.1;
				MTL_ENABLE_DEBUG_INFO = INCLUDE_SOURCE;
				MTL_FAST_MATH = YES;
				ONLY_ACTIVE_ARCH = YES;
				SDKROOT = iphoneos;
				SWIFT_ACTIVE_COMPILATION_CONDITIONS = DEBUG;
				SWIFT_OPTIMIZATION_LEVEL = "-Onone";
			};
			name = Debug;
		};
		0448A7FA21C151D80022F7CC /* Release */ = {
			isa = XCBuildConfiguration;
			buildSettings = {
				ALWAYS_SEARCH_USER_PATHS = NO;
				CLANG_ANALYZER_NONNULL = YES;
				CLANG_ANALYZER_NUMBER_OBJECT_CONVERSION = YES_AGGRESSIVE;
				CLANG_CXX_LANGUAGE_STANDARD = "gnu++14";
				CLANG_CXX_LIBRARY = "libc++";
				CLANG_ENABLE_MODULES = YES;
				CLANG_ENABLE_OBJC_ARC = YES;
				CLANG_ENABLE_OBJC_WEAK = YES;
				CLANG_WARN_BLOCK_CAPTURE_AUTORELEASING = YES;
				CLANG_WARN_BOOL_CONVERSION = YES;
				CLANG_WARN_COMMA = YES;
				CLANG_WARN_CONSTANT_CONVERSION = YES;
				CLANG_WARN_DEPRECATED_OBJC_IMPLEMENTATIONS = YES;
				CLANG_WARN_DIRECT_OBJC_ISA_USAGE = YES_ERROR;
				CLANG_WARN_DOCUMENTATION_COMMENTS = YES;
				CLANG_WARN_EMPTY_BODY = YES;
				CLANG_WARN_ENUM_CONVERSION = YES;
				CLANG_WARN_INFINITE_RECURSION = YES;
				CLANG_WARN_INT_CONVERSION = YES;
				CLANG_WARN_NON_LITERAL_NULL_CONVERSION = YES;
				CLANG_WARN_OBJC_IMPLICIT_RETAIN_SELF = YES;
				CLANG_WARN_OBJC_LITERAL_CONVERSION = YES;
				CLANG_WARN_OBJC_ROOT_CLASS = YES_ERROR;
				CLANG_WARN_RANGE_LOOP_ANALYSIS = YES;
				CLANG_WARN_STRICT_PROTOTYPES = YES;
				CLANG_WARN_SUSPICIOUS_MOVE = YES;
				CLANG_WARN_UNGUARDED_AVAILABILITY = YES_AGGRESSIVE;
				CLANG_WARN_UNREACHABLE_CODE = YES;
				CLANG_WARN__DUPLICATE_METHOD_MATCH = YES;
				CODE_SIGN_IDENTITY = "iPhone Developer";
				COPY_PHASE_STRIP = NO;
				DEBUG_INFORMATION_FORMAT = "dwarf-with-dsym";
				ENABLE_NS_ASSERTIONS = NO;
				ENABLE_STRICT_OBJC_MSGSEND = YES;
				GCC_C_LANGUAGE_STANDARD = gnu11;
				GCC_NO_COMMON_BLOCKS = YES;
				GCC_WARN_64_TO_32_BIT_CONVERSION = YES;
				GCC_WARN_ABOUT_RETURN_TYPE = YES_ERROR;
				GCC_WARN_UNDECLARED_SELECTOR = YES;
				GCC_WARN_UNINITIALIZED_AUTOS = YES_AGGRESSIVE;
				GCC_WARN_UNUSED_FUNCTION = YES;
				GCC_WARN_UNUSED_VARIABLE = YES;
				IPHONEOS_DEPLOYMENT_TARGET = 12.1;
				MTL_ENABLE_DEBUG_INFO = NO;
				MTL_FAST_MATH = YES;
				SDKROOT = iphoneos;
				SWIFT_COMPILATION_MODE = wholemodule;
				SWIFT_OPTIMIZATION_LEVEL = "-O";
				VALIDATE_PRODUCT = YES;
			};
			name = Release;
		};
		0448A7FC21C151D80022F7CC /* Debug */ = {
			isa = XCBuildConfiguration;
			buildSettings = {
				ASSETCATALOG_COMPILER_APPICON_NAME = AppIcon;
				CODE_SIGN_STYLE = Automatic;
				DEVELOPMENT_TEAM = 6LB7C5RKJ7;
				INFOPLIST_FILE = Dice/Info.plist;
				IPHONEOS_DEPLOYMENT_TARGET = 12.0.1;
				LD_RUNPATH_SEARCH_PATHS = (
					"$(inherited)",
					"@executable_path/Frameworks",
				);
				PRODUCT_BUNDLE_IDENTIFIER = ru.ifmo.ctddev.vozleev.Dice;
				PRODUCT_NAME = "$(TARGET_NAME)";
				SWIFT_VERSION = 4.2;
				TARGETED_DEVICE_FAMILY = 1;
			};
			name = Debug;
		};
		0448A7FD21C151D80022F7CC /* Release */ = {
			isa = XCBuildConfiguration;
			buildSettings = {
				ASSETCATALOG_COMPILER_APPICON_NAME = AppIcon;
				CODE_SIGN_STYLE = Automatic;
				DEVELOPMENT_TEAM = 6LB7C5RKJ7;
				INFOPLIST_FILE = Dice/Info.plist;
				IPHONEOS_DEPLOYMENT_TARGET = 12.0.1;
				LD_RUNPATH_SEARCH_PATHS = (
					"$(inherited)",
					"@executable_path/Frameworks",
				);
				PRODUCT_BUNDLE_IDENTIFIER = ru.ifmo.ctddev.vozleev.Dice;
				PRODUCT_NAME = "$(TARGET_NAME)";
				SWIFT_VERSION = 4.2;
				TARGETED_DEVICE_FAMILY = 1;
			};
			name = Release;
		};
		0448A7FF21C151D80022F7CC /* Debug */ = {
			isa = XCBuildConfiguration;
			buildSettings = {
				ALWAYS_EMBED_SWIFT_STANDARD_LIBRARIES = YES;
				BUNDLE_LOADER = "$(TEST_HOST)";
				CODE_SIGN_STYLE = Automatic;
				DEVELOPMENT_TEAM = 6LB7C5RKJ7;
				INFOPLIST_FILE = DiceTests/Info.plist;
				LD_RUNPATH_SEARCH_PATHS = (
					"$(inherited)",
					"@executable_path/Frameworks",
					"@loader_path/Frameworks",
				);
				PRODUCT_BUNDLE_IDENTIFIER = ru.ifmo.ctddev.vozleev.DiceTests;
				PRODUCT_NAME = "$(TARGET_NAME)";
				SWIFT_VERSION = 4.2;
				TARGETED_DEVICE_FAMILY = "1,2";
				TEST_HOST = "$(BUILT_PRODUCTS_DIR)/Dice.app/Dice";
			};
			name = Debug;
		};
		0448A80021C151D80022F7CC /* Release */ = {
			isa = XCBuildConfiguration;
			buildSettings = {
				ALWAYS_EMBED_SWIFT_STANDARD_LIBRARIES = YES;
				BUNDLE_LOADER = "$(TEST_HOST)";
				CODE_SIGN_STYLE = Automatic;
				DEVELOPMENT_TEAM = 6LB7C5RKJ7;
				INFOPLIST_FILE = DiceTests/Info.plist;
				LD_RUNPATH_SEARCH_PATHS = (
					"$(inherited)",
					"@executable_path/Frameworks",
					"@loader_path/Frameworks",
				);
				PRODUCT_BUNDLE_IDENTIFIER = ru.ifmo.ctddev.vozleev.DiceTests;
				PRODUCT_NAME = "$(TARGET_NAME)";
				SWIFT_VERSION = 4.2;
				TARGETED_DEVICE_FAMILY = "1,2";
				TEST_HOST = "$(BUILT_PRODUCTS_DIR)/Dice.app/Dice";
			};
			name = Release;
		};
		0448A80221C151D80022F7CC /* Debug */ = {
			isa = XCBuildConfiguration;
			buildSettings = {
				ALWAYS_EMBED_SWIFT_STANDARD_LIBRARIES = YES;
				CODE_SIGN_STYLE = Automatic;
				DEVELOPMENT_TEAM = 6LB7C5RKJ7;
				INFOPLIST_FILE = DiceUITests/Info.plist;
				LD_RUNPATH_SEARCH_PATHS = (
					"$(inherited)",
					"@executable_path/Frameworks",
					"@loader_path/Frameworks",
				);
				PRODUCT_BUNDLE_IDENTIFIER = ru.ifmo.ctddev.vozleev.DiceUITests;
				PRODUCT_NAME = "$(TARGET_NAME)";
				SWIFT_VERSION = 4.2;
				TARGETED_DEVICE_FAMILY = "1,2";
				TEST_TARGET_NAME = Dice;
			};
			name = Debug;
		};
		0448A80321C151D80022F7CC /* Release */ = {
			isa = XCBuildConfiguration;
			buildSettings = {
				ALWAYS_EMBED_SWIFT_STANDARD_LIBRARIES = YES;
				CODE_SIGN_STYLE = Automatic;
				DEVELOPMENT_TEAM = 6LB7C5RKJ7;
				INFOPLIST_FILE = DiceUITests/Info.plist;
				LD_RUNPATH_SEARCH_PATHS = (
					"$(inherited)",
					"@executable_path/Frameworks",
					"@loader_path/Frameworks",
				);
				PRODUCT_BUNDLE_IDENTIFIER = ru.ifmo.ctddev.vozleev.DiceUITests;
				PRODUCT_NAME = "$(TARGET_NAME)";
				SWIFT_VERSION = 4.2;
				TARGETED_DEVICE_FAMILY = "1,2";
				TEST_TARGET_NAME = Dice;
			};
			name = Release;
		};
/* End XCBuildConfiguration section */

/* Begin XCConfigurationList section */
		0448A7CE21C151D50022F7CC /* Build configuration list for PBXProject "Dice" */ = {
			isa = XCConfigurationList;
			buildConfigurations = (
				0448A7F921C151D80022F7CC /* Debug */,
				0448A7FA21C151D80022F7CC /* Release */,
			);
			defaultConfigurationIsVisible = 0;
			defaultConfigurationName = Release;
		};
		0448A7FB21C151D80022F7CC /* Build configuration list for PBXNativeTarget "Dice" */ = {
			isa = XCConfigurationList;
			buildConfigurations = (
				0448A7FC21C151D80022F7CC /* Debug */,
				0448A7FD21C151D80022F7CC /* Release */,
			);
			defaultConfigurationIsVisible = 0;
			defaultConfigurationName = Release;
		};
		0448A7FE21C151D80022F7CC /* Build configuration list for PBXNativeTarget "DiceTests" */ = {
			isa = XCConfigurationList;
			buildConfigurations = (
				0448A7FF21C151D80022F7CC /* Debug */,
				0448A80021C151D80022F7CC /* Release */,
			);
			defaultConfigurationIsVisible = 0;
			defaultConfigurationName = Release;
		};
		0448A80121C151D80022F7CC /* Build configuration list for PBXNativeTarget "DiceUITests" */ = {
			isa = XCConfigurationList;
			buildConfigurations = (
				0448A80221C151D80022F7CC /* Debug */,
				0448A80321C151D80022F7CC /* Release */,
			);
			defaultConfigurationIsVisible = 0;
			defaultConfigurationName = Release;
		};
/* End XCConfigurationList section */
	};
	rootObject = 0448A7CB21C151D50022F7CC /* Project object */;
}
